{
  "name": "comingsoon",
  "version": "1.0.0",
  "lockfileVersion": 3,
  "requires": true,
  "packages": {
    "": {
      "name": "comingsoon",
      "version": "1.0.0",
      "license": "ISC",
      "dependencies": {
        "@programinglive/commiter": "^1.2.8"
      }
    },
    "node_modules/@programinglive/commiter": {
      "version": "1.2.8",
      "resolved": "https://registry.npmjs.org/@programinglive/commiter/-/commiter-1.2.8.tgz",
      "integrity": "sha512-5aboGlcsQOfRpBziGhexBgymKSZpG7+M/5y165CQH4mhlVWAz1OpjDnJc60XWKSwBHIFtMlU2u1QrzYZ1z/SEA==",
      "license": "MIT",
      "bin": {
        "commiter": "index.js"
      }
    }
  }
}
